// !$*UTF8*$!
{
	archiveVersion = 1;
	classes = {
	};
	objectVersion = 56;
	objects = {

/* Begin PBXBuildFile section */
		E37DE62F2BBDF43300844B8F /* AppDelegate.swift in Sources */ = {isa = PBXBuildFile; fileRef = E37DE62E2BBDF43300844B8F /* AppDelegate.swift */; };
		E37DE6312BBDF43300844B8F /* SceneDelegate.swift in Sources */ = {isa = PBXBuildFile; fileRef = E37DE6302BBDF43300844B8F /* SceneDelegate.swift */; };
		E37DE6332BBDF43300844B8F /* ViewController.swift in Sources */ = {isa = PBXBuildFile; fileRef = E37DE6322BBDF43300844B8F /* ViewController.swift */; };
		E37DE6382BBDF43700844B8F /* Assets.xcassets in Resources */ = {isa = PBXBuildFile; fileRef = E37DE6372BBDF43700844B8F /* Assets.xcassets */; };
		E37DE63B2BBDF43700844B8F /* Base in Resources */ = {isa = PBXBuildFile; fileRef = E37DE63A2BBDF43700844B8F /* Base */; };
		E37DE6432BBDF4BF00844B8F /* Shaders.metal in Sources */ = {isa = PBXBuildFile; fileRef = E37DE6422BBDF4BF00844B8F /* Shaders.metal */; };
		E37DE6452BBDF4DF00844B8F /* MyTechnique.swift in Sources */ = {isa = PBXBuildFile; fileRef = E37DE6442BBDF4DF00844B8F /* MyTechnique.swift */; };
		E37DE6472BBDF4F900844B8F /* art.scnassets in Resources */ = {isa = PBXBuildFile; fileRef = E37DE6462BBDF4F800844B8F /* art.scnassets */; };
		E37DE6492BBDF50A00844B8F /* Main.storyboard in Resources */ = {isa = PBXBuildFile; fileRef = E37DE6482BBDF50A00844B8F /* Main.storyboard */; };
/* End PBXBuildFile section */

/* Begin PBXFileReference section */
		E37DE62B2BBDF43300844B8F /* DepthBasedOutline.app */ = {isa = PBXFileReference; explicitFileType = wrapper.application; includeInIndex = 0; path = DepthBasedOutline.app; sourceTree = BUILT_PRODUCTS_DIR; };
		E37DE62E2BBDF43300844B8F /* AppDelegate.swift */ = {isa = PBXFileReference; lastKnownFileType = sourcecode.swift; path = AppDelegate.swift; sourceTree = "<group>"; };
		E37DE6302BBDF43300844B8F /* SceneDelegate.swift */ = {isa = PBXFileReference; lastKnownFileType = sourcecode.swift; path = SceneDelegate.swift; sourceTree = "<group>"; };
		E37DE6322BBDF43300844B8F /* ViewController.swift */ = {isa = PBXFileReference; lastKnownFileType = sourcecode.swift; path = ViewController.swift; sourceTree = "<group>"; };
		E37DE6372BBDF43700844B8F /* Assets.xcassets */ = {isa = PBXFileReference; lastKnownFileType = folder.assetcatalog; path = Assets.xcassets; sourceTree = "<group>"; };
		E37DE63A2BBDF43700844B8F /* Base */ = {isa = PBXFileReference; lastKnownFileType = file.storyboard; name = Base; path = Base.lproj/LaunchScreen.storyboard; sourceTree = "<group>"; };
		E37DE63C2BBDF43700844B8F /* Info.plist */ = {isa = PBXFileReference; lastKnownFileType = text.plist.xml; path = Info.plist; sourceTree = "<group>"; };
		E37DE6422BBDF4BF00844B8F /* Shaders.metal */ = {isa = PBXFileReference; lastKnownFileType = sourcecode.metal; path = Shaders.metal; sourceTree = "<group>"; };
		E37DE6442BBDF4DF00844B8F /* MyTechnique.swift */ = {isa = PBXFileReference; lastKnownFileType = sourcecode.swift; path = MyTechnique.swift; sourceTree = "<group>"; };
		E37DE6462BBDF4F800844B8F /* art.scnassets */ = {isa = PBXFileReference; lastKnownFileType = wrapper.scnassets; path = art.scnassets; sourceTree = "<group>"; };
		E37DE6482BBDF50A00844B8F /* Main.storyboard */ = {isa = PBXFileReference; fileEncoding = 4; lastKnownFileType = file.storyboard; path = Main.storyboard; sourceTree = "<group>"; };
/* End PBXFileReference section */

/* Begin PBXFrameworksBuildPhase section */
		E37DE6282BBDF43300844B8F /* Frameworks */ = {
			isa = PBXFrameworksBuildPhase;
			buildActionMask = 2147483647;
			files = (
			);
			runOnlyForDeploymentPostprocessing = 0;
		};
/* End PBXFrameworksBuildPhase section */

/* Begin PBXGroup section */
		E37DE6222BBDF43300844B8F = {
			isa = PBXGroup;
			children = (
				E37DE62D2BBDF43300844B8F /* DepthBasedOutline */,
				E37DE62C2BBDF43300844B8F /* Products */,
			);
			sourceTree = "<group>";
		};
		E37DE62C2BBDF43300844B8F /* Products */ = {
			isa = PBXGroup;
			children = (
				E37DE62B2BBDF43300844B8F /* DepthBasedOutline.app */,
			);
			name = Products;
			sourceTree = "<group>";
		};
		E37DE62D2BBDF43300844B8F /* DepthBasedOutline */ = {
			isa = PBXGroup;
			children = (
				E37DE62E2BBDF43300844B8F /* AppDelegate.swift */,
				E37DE6302BBDF43300844B8F /* SceneDelegate.swift */,
				E37DE6322BBDF43300844B8F /* ViewController.swift */,
				E37DE6422BBDF4BF00844B8F /* Shaders.metal */,
				E37DE6442BBDF4DF00844B8F /* MyTechnique.swift */,
				E37DE6482BBDF50A00844B8F /* Main.storyboard */,
				E37DE6462BBDF4F800844B8F /* art.scnassets */,
				E37DE6372BBDF43700844B8F /* Assets.xcassets */,
				E37DE6392BBDF43700844B8F /* LaunchScreen.storyboard */,
				E37DE63C2BBDF43700844B8F /* Info.plist */,
			);
			path = DepthBasedOutline;
			sourceTree = "<group>";
		};
/* End PBXGroup section */

/* Begin PBXNativeTarget section */
		E37DE62A2BBDF43300844B8F /* DepthBasedOutline */ = {
			isa = PBXNativeTarget;
			buildConfigurationList = E37DE63F2BBDF43700844B8F /* Build configuration list for PBXNativeTarget "DepthBasedOutline" */;
			buildPhases = (
				E37DE6272BBDF43300844B8F /* Sources */,
				E37DE6282BBDF43300844B8F /* Frameworks */,
				E37DE6292BBDF43300844B8F /* Resources */,
			);
			buildRules = (
			);
			dependencies = (
			);
			name = DepthBasedOutline;
			productName = DepthBasedOutline;
			productReference = E37DE62B2BBDF43300844B8F /* DepthBasedOutline.app */;
			productType = "com.apple.product-type.application";
		};
/* End PBXNativeTarget section */

/* Begin PBXProject section */
		E37DE6232BBDF43300844B8F /* Project object */ = {
			isa = PBXProject;
			attributes = {
				BuildIndependentTargetsInParallel = 1;
				LastSwiftUpdateCheck = 1530;
				LastUpgradeCheck = 1530;
				TargetAttributes = {
					E37DE62A2BBDF43300844B8F = {
						CreatedOnToolsVersion = 15.3;
					};
				};
			};
			buildConfigurationList = E37DE6262BBDF43300844B8F /* Build configuration list for PBXProject "DepthBasedOutline" */;
			compatibilityVersion = "Xcode 14.0";
			developmentRegion = en;
			hasScannedForEncodings = 0;
			knownRegions = (
				en,
				Base,
			);
			mainGroup = E37DE6222BBDF43300844B8F;
			productRefGroup = E37DE62C2BBDF43300844B8F /* Products */;
			projectDirPath = "";
			projectRoot = "";
			targets = (
				E37DE62A2BBDF43300844B8F /* DepthBasedOutline */,
			);
		};
/* End PBXProject section */

/* Begin PBXResourcesBuildPhase section */
		E37DE6292BBDF43300844B8F /* Resources */ = {
			isa = PBXResourcesBuildPhase;
			buildActionMask = 2147483647;
			files = (
				E37DE6382BBDF43700844B8F /* Assets.xcassets in Resources */,
				E37DE6472BBDF4F900844B8F /* art.scnassets in Resources */,
				E37DE63B2BBDF43700844B8F /* Base in Resources */,
				E37DE6492BBDF50A00844B8F /* Main.storyboard in Resources */,
			);
			runOnlyForDeploymentPostprocessing = 0;
		};
/* End PBXResourcesBuildPhase section */

/* Begin PBXSourcesBuildPhase section */
		E37DE6272BBDF43300844B8F /* Sources */ = {
			isa = PBXSourcesBuildPhase;
			buildActionMask = 2147483647;
			files = (
				E37DE6432BBDF4BF00844B8F /* Shaders.metal in Sources */,
				E37DE6332BBDF43300844B8F /* ViewController.swift in Sources */,
				E37DE62F2BBDF43300844B8F /* AppDelegate.swift in Sources */,
				E37DE6452BBDF4DF00844B8F /* MyTechnique.swift in Sources */,
				E37DE6312BBDF43300844B8F /* SceneDelegate.swift in Sources */,
			);
			runOnlyForDeploymentPostprocessing = 0;
		};
/* End PBXSourcesBuildPhase section */

/* Begin PBXVariantGroup section */
		E37DE6392BBDF43700844B8F /* LaunchScreen.storyboard */ = {
			isa = PBXVariantGroup;
			children = (
				E37DE63A2BBDF43700844B8F /* Base */,
			);
			name = LaunchScreen.storyboard;
			sourceTree = "<group>";
		};
/* End PBXVariantGroup section */

/* Begin XCBuildConfiguration section */
		E37DE63D2BBDF43700844B8F /* Debug */ = {
			isa = XCBuildConfiguration;
			buildSettings = {
				ALWAYS_SEARCH_USER_PATHS = NO;
				ASSETCATALOG_COMPILER_GENERATE_SWIFT_ASSET_SYMBOL_EXTENSIONS = YES;
				CLANG_ANALYZER_NONNULL = YES;
				CLANG_ANALYZER_NUMBER_OBJECT_CONVERSION = YES_AGGRESSIVE;
				CLANG_CXX_LANGUAGE_STANDARD = "gnu++20";
				CLANG_ENABLE_MODULES = YES;
				CLANG_ENABLE_OBJC_ARC = YES;
				CLANG_ENABLE_OBJC_WEAK = YES;
				CLANG_WARN_BLOCK_CAPTURE_AUTORELEASING = YES;
				CLANG_WARN_BOOL_CONVERSION = YES;
				CLANG_WARN_COMMA = YES;
				CLANG_WARN_CONSTANT_CONVERSION = YES;
				CLANG_WARN_DEPRECATED_OBJC_IMPLEMENTATIONS = YES;
				CLANG_WARN_DIRECT_OBJC_ISA_USAGE = YES_ERROR;
				CLANG_WARN_DOCUMENTATION_COMMENTS = YES;
				CLANG_WARN_EMPTY_BODY = YES;
				CLANG_WARN_ENUM_CONVERSION = YES;
				CLANG_WARN_INFINITE_RECURSION = YES;
				CLANG_WARN_INT_CONVERSION = YES;
				CLANG_WARN_NON_LITERAL_NULL_CONVERSION = YES;
				CLANG_WARN_OBJC_IMPLICIT_RETAIN_SELF = YES;
				CLANG_WARN_OBJC_LITERAL_CONVERSION = YES;
				CLANG_WARN_OBJC_ROOT_CLASS = YES_ERROR;
				CLANG_WARN_QUOTED_INCLUDE_IN_FRAMEWORK_HEADER = YES;
				CLANG_WARN_RANGE_LOOP_ANALYSIS = YES;
				CLANG_WARN_STRICT_PROTOTYPES = YES;
				CLANG_WARN_SUSPICIOUS_MOVE = YES;
				CLANG_WARN_UNGUARDED_AVAILABILITY = YES_AGGRESSIVE;
				CLANG_WARN_UNREACHABLE_CODE = YES;
				CLANG_WARN__DUPLICATE_METHOD_MATCH = YES;
				COPY_PHASE_STRIP = NO;
				DEBUG_INFORMATION_FORMAT = dwarf;
				ENABLE_STRICT_OBJC_MSGSEND = YES;
				ENABLE_TESTABILITY = YES;
				ENABLE_USER_SCRIPT_SANDBOXING = YES;
				GCC_C_LANGUAGE_STANDARD = gnu17;
				GCC_DYNAMIC_NO_PIC = NO;
				GCC_NO_COMMON_BLOCKS = YES;
				GCC_OPTIMIZATION_LEVEL = 0;
				GCC_PREPROCESSOR_DEFINITIONS = (
					"DEBUG=1",
					"$(inherited)",
				);
				GCC_WARN_64_TO_32_BIT_CONVERSION = YES;
				GCC_WARN_ABOUT_RETURN_TYPE = YES_ERROR;
				GCC_WARN_UNDECLARED_SELECTOR = YES;
				GCC_WARN_UNINITIALIZED_AUTOS = YES_AGGRESSIVE;
				GCC_WARN_UNUSED_FUNCTION = YES;
				GCC_WARN_UNUSED_VARIABLE = YES;
				IPHONEOS_DEPLOYMENT_TARGET = 17.4;
				LOCALIZATION_PREFERS_STRING_CATALOGS = YES;
				MTL_ENABLE_DEBUG_INFO = INCLUDE_SOURCE;
				MTL_FAST_MATH = YES;
				ONLY_ACTIVE_ARCH = YES;
				SDKROOT = iphoneos;
				SWIFT_ACTIVE_COMPILATION_CONDITIONS = "DEBUG $(inherited)";
				SWIFT_OPTIMIZATION_LEVEL = "-Onone";
			};
			name = Debug;
		};
		E37DE63E2BBDF43700844B8F /* Release */ = {
			isa = XCBuildConfiguration;
			buildSettings = {
				ALWAYS_SEARCH_USER_PATHS = NO;
				ASSETCATALOG_COMPILER_GENERATE_SWIFT_ASSET_SYMBOL_EXTENSIONS = YES;
				CLANG_ANALYZER_NONNULL = YES;
				CLANG_ANALYZER_NUMBER_OBJECT_CONVERSION = YES_AGGRESSIVE;
				CLANG_CXX_LANGUAGE_STANDARD = "gnu++20";
				CLANG_ENABLE_MODULES = YES;
				CLANG_ENABLE_OBJC_ARC = YES;
				CLANG_ENABLE_OBJC_WEAK = YES;
				CLANG_WARN_BLOCK_CAPTURE_AUTORELEASING = YES;
				CLANG_WARN_BOOL_CONVERSION = YES;
				CLANG_WARN_COMMA = YES;
				CLANG_WARN_CONSTANT_CONVERSION = YES;
				CLANG_WARN_DEPRECATED_OBJC_IMPLEMENTATIONS = YES;
				CLANG_WARN_DIRECT_OBJC_ISA_USAGE = YES_ERROR;
				CLANG_WARN_DOCUMENTATION_COMMENTS = YES;
				CLANG_WARN_EMPTY_BODY = YES;
				CLANG_WARN_ENUM_CONVERSION = YES;
				CLANG_WARN_INFINITE_RECURSION = YES;
				CLANG_WARN_INT_CONVERSION = YES;
				CLANG_WARN_NON_LITERAL_NULL_CONVERSION = YES;
				CLANG_WARN_OBJC_IMPLICIT_RETAIN_SELF = YES;
				CLANG_WARN_OBJC_LITERAL_CONVERSION = YES;
				CLANG_WARN_OBJC_ROOT_CLASS = YES_ERROR;
				CLANG_WARN_QUOTED_INCLUDE_IN_FRAMEWORK_HEADER = YES;
				CLANG_WARN_RANGE_LOOP_ANALYSIS = YES;
				CLANG_WARN_STRICT_PROTOTYPES = YES;
				CLANG_WARN_SUSPICIOUS_MOVE = YES;
				CLANG_WARN_UNGUARDED_AVAILABILITY = YES_AGGRESSIVE;
				CLANG_WARN_UNREACHABLE_CODE = YES;
				CLANG_WARN__DUPLICATE_METHOD_MATCH = YES;
				COPY_PHASE_STRIP = NO;
				DEBUG_INFORMATION_FORMAT = "dwarf-with-dsym";
				ENABLE_NS_ASSERTIONS = NO;
				ENABLE_STRICT_OBJC_MSGSEND = YES;
				ENABLE_USER_SCRIPT_SANDBOXING = YES;
				GCC_C_LANGUAGE_STANDARD = gnu17;
				GCC_NO_COMMON_BLOCKS = YES;
				GCC_WARN_64_TO_32_BIT_CONVERSION = YES;
				GCC_WARN_ABOUT_RETURN_TYPE = YES_ERROR;
				GCC_WARN_UNDECLARED_SELECTOR = YES;
				GCC_WARN_UNINITIALIZED_AUTOS = YES_AGGRESSIVE;
				GCC_WARN_UNUSED_FUNCTION = YES;
				GCC_WARN_UNUSED_VARIABLE = YES;
				IPHONEOS_DEPLOYMENT_TARGET = 17.4;
				LOCALIZATION_PREFERS_STRING_CATALOGS = YES;
				MTL_ENABLE_DEBUG_INFO = NO;
				MTL_FAST_MATH = YES;
				SDKROOT = iphoneos;
				SWIFT_COMPILATION_MODE = wholemodule;
				VALIDATE_PRODUCT = YES;
			};
			name = Release;
		};
		E37DE6402BBDF43700844B8F /* Debug */ = {
			isa = XCBuildConfiguration;
			buildSettings = {
				ASSETCATALOG_COMPILER_APPICON_NAME = AppIcon;
				ASSETCATALOG_COMPILER_GLOBAL_ACCENT_COLOR_NAME = AccentColor;
				CODE_SIGN_STYLE = Automatic;
				CURRENT_PROJECT_VERSION = 1;
				DEVELOPMENT_TEAM = PAGDUY2RHY;
				GENERATE_INFOPLIST_FILE = YES;
				INFOPLIST_FILE = DepthBasedOutline/Info.plist;
				INFOPLIST_KEY_UIApplicationSupportsIndirectInputEvents = YES;
				INFOPLIST_KEY_UILaunchStoryboardName = LaunchScreen;
				INFOPLIST_KEY_UIMainStoryboardFile = Main;
				INFOPLIST_KEY_UISupportedInterfaceOrientations_iPad = "UIInterfaceOrientationPortrait UIInterfaceOrientationPortraitUpsideDown UIInterfaceOrientationLandscapeLeft UIInterfaceOrientationLandscapeRight";
				INFOPLIST_KEY_UISupportedInterfaceOrientations_iPhone = "UIInterfaceOrientationPortrait UIInterfaceOrientationLandscapeLeft UIInterfaceOrientationLandscapeRight";
				IPHONEOS_DEPLOYMENT_TARGET = 17.0;
				LD_RUNPATH_SEARCH_PATHS = (
					"$(inherited)",
					"@executable_path/Frameworks",
				);
				MARKETING_VERSION = 1.0;
				PRODUCT_BUNDLE_IDENTIFIER = com.dmitriybakcheev.DepthBasedOutline;
				PRODUCT_NAME = "$(TARGET_NAME)";
				SWIFT_EMIT_LOC_STRINGS = YES;
				SWIFT_VERSION = 5.0;
				TARGETED_DEVICE_FAMILY = "1,2";
			};
			name = Debug;
		};
		E37DE6412BBDF43700844B8F /* Release */ = {
			isa = XCBuildConfiguration;
			buildSettings = {
				ASSETCATALOG_COMPILER_APPICON_NAME = AppIcon;
				ASSETCATALOG_COMPILER_GLOBAL_ACCENT_COLOR_NAME = AccentColor;
				CODE_SIGN_STYLE = Automatic;
				CURRENT_PROJECT_VERSION = 1;
				DEVELOPMENT_TEAM = PAGDUY2RHY;
				GENERATE_INFOPLIST_FILE = YES;
				INFOPLIST_FILE = DepthBasedOutline/Info.plist;
				INFOPLIST_KEY_UIApplicationSupportsIndirectInputEvents = YES;
				INFOPLIST_KEY_UILaunchStoryboardName = LaunchScreen;
				INFOPLIST_KEY_UIMainStoryboardFile = Main;
				INFOPLIST_KEY_UISupportedInterfaceOrientations_iPad = "UIInterfaceOrientationPortrait UIInterfaceOrientationPortraitUpsideDown UIInterfaceOrientationLandscapeLeft UIInterfaceOrientationLandscapeRight";
				INFOPLIST_KEY_UISupportedInterfaceOrientations_iPhone = "UIInterfaceOrientationPortrait UIInterfaceOrientationLandscapeLeft UIInterfaceOrientationLandscapeRight";
				IPHONEOS_DEPLOYMENT_TARGET = 17.0;
				LD_RUNPATH_SEARCH_PATHS = (
					"$(inherited)",
					"@executable_path/Frameworks",
				);
				MARKETING_VERSION = 1.0;
				PRODUCT_BUNDLE_IDENTIFIER = com.dmitriybakcheev.DepthBasedOutline;
				PRODUCT_NAME = "$(TARGET_NAME)";
				SWIFT_EMIT_LOC_STRINGS = YES;
				SWIFT_VERSION = 5.0;
				TARGETED_DEVICE_FAMILY = "1,2";
			};
			name = Release;
		};
/* End XCBuildConfiguration section */

/* Begin XCConfigurationList section */
		E37DE6262BBDF43300844B8F /* Build configuration list for PBXProject "DepthBasedOutline" */ = {
			isa = XCConfigurationList;
			buildConfigurations = (
				E37DE63D2BBDF43700844B8F /* Debug */,
				E37DE63E2BBDF43700844B8F /* Release */,
			);
			defaultConfigurationIsVisible = 0;
			defaultConfigurationName = Release;
		};
		E37DE63F2BBDF43700844B8F /* Build configuration list for PBXNativeTarget "DepthBasedOutline" */ = {
			isa = XCConfigurationList;
			buildConfigurations = (
				E37DE6402BBDF43700844B8F /* Debug */,
				E37DE6412BBDF43700844B8F /* Release */,
			);
			defaultConfigurationIsVisible = 0;
			defaultConfigurationName = Release;
		};
/* End XCConfigurationList section */
	};
	rootObject = E37DE6232BBDF43300844B8F /* Project object */;
}
